fill 0 1 0 18 8 4 air
kill @e[type=!Player,x=0,y=0,z=0,dx=18,dy=8,dz=4]
summon ArmorStand 2 1 1 {Tags:["CCC"],NoGravity:1,ArmorItems:[{},{},{},{id:tnt,Count:1}]}
setblock 2 1 1 command_block 5 replace {Command:"blockdata ~ ~ ~ {auto:0}",auto:0b}
setblock 3 1 1 chain_command_block 5 replace {Command:"execute @e[name=GM4_CustomCrafter] ~ ~ ~ testforblock ~ ~ ~ dropper -1 {CustomName:\"Custom Crafter\",Items:[{Slot:3b,id:\"minecraft:cobblestone\",Count:1b,Damage:0s},{Slot:4b,id:\"minecraft:tnt\",Count:1b,Damage:0s},{Slot:5b,id:\"minecraft:cobblestone\",Count:1b,Damage:0s},{Slot:6b,id:\"minecraft:cobblestone\",Count:1b,Damage:0s},{Slot:7b,id:\"minecraft:redstone\",Count:1b,Damage:0s},{Slot:8b,id:\"minecraft:cobblestone\",Count:1b,Damage:0s}]}",auto:1b}
setblock 4 1 1 chain_command_block 13 replace {Command:"execute @e[type=ArmorStand,name=GM4_CustomCrafter,score_GM4_crafting_min=1] ~ ~ ~ entitydata @e[type=ArmorStand,name=GM4_CustomCrafter,score_GM4_crafting_min=1,r=0] {ArmorItems:[{},{},{},{id:\"minecraft:tnt\",Count:1b}]}",auto:1b}
setblock 5 1 1 chain_command_block 13 replace {Command:"execute @e[type=ArmorStand,name=GM4_CustomCrafter,score_GM4_crafting_min=1] ~ ~ ~ particle lava ~ ~ ~ 0.1 0.1 0.1 5 20 force",auto:1b}
setblock 6 1 1 chain_command_block 13 replace {Command:"execute @e[type=ArmorStand,name=GM4_CustomCrafter,score_GM4_crafting_min=1] ~ ~ ~ playsound entity.generic.explode neutral @a[r=5] ~ ~ ~ 1",auto:1b}
setblock 7 1 1 chain_command_block 13 replace {Command:"execute @e[type=ArmorStand,name=GM4_CustomCrafter,score_GM4_crafting_min=1] ~ ~ ~ blockdata ~ ~ ~ {Items:[],CustomName:\"Disassembler\"}",auto:1b}
setblock 8 1 1 chain_command_block 5 replace {Command:"execute @e[type=ArmorStand,name=GM4_CustomCrafter,score_GM4_crafting_min=1,tag=GM4_broken] ~ ~ ~ summon Item ~ ~1 ~ {Item:{id:\"minecraft:redstone\",Count:2b},Passengers:[{id:\"Item\",Item:{id:\"minecraft:cobblestone\",Count:14}},{id:\"Item\",Item:{id:\"minecraft:tnt\",Count:1}},{id:\"Item\",Item:{id:\"crafting_table\",Count:1,tag:{display:{Lore:[\"slightly\"]}}}}]}",auto:1b}
setblock 9 1 1 chain_command_block 5 replace {Command:"execute @e[type=ArmorStand,name=GM4_CustomCrafter,score_GM4_crafting_min=1,tag=GM4_broken] ~ ~ ~ summon Item ~ ~1 ~ {Item:{id:\"minecraft:redstone\",Count:2b},Passengers:[{id:\"Item\",Item:{id:\"minecraft:cobblestone\",Count:14}},{id:\"Item\",Item:{id:\"minecraft:tnt\",Count:1}},{id:\"Item\",Item:{id:\"crafting_table\",Count:1}}]}",auto:1b}
setblock 10 1 1 chain_command_block 5 replace {Command:"execute @e[type=ArmorStand,name=GM4_CustomCrafter,score_GM4_crafting_min=1,tag=GM4_broken] ~ ~ ~ kill @e[type=ArmorStand,name=GM4_CustomCrafter,c=1]",auto:1b}
setblock 11 1 1 chain_command_block 5 replace {Command:"execute @e[name=GM4_CustomCrafter] ~ ~ ~ testforblock ~ ~ ~ dropper -1 {CustomName:\"Dissasembler\"}",auto:1b}
setblock 12 1 1 chain_command_block 5 replace {Command:"scoreboard players set @e[type=ArmorStand,name=GM4_CustomCrafter,score_GM4_crafting=0] GM4_crafting 2",auto:1b}
setblock 13 1 1 chain_command_block 5 replace {Command:"testfor @e[type=ArmorStand,name=GM4_CustomCrafter,score_GM4_crafting_min=1,score_GM4_crafting=1,tag=!GM4_isEmpty]",auto:1b}
setblock 14 1 1 chain_command_block 5 replace {Command:"execute @e[type=ArmorStand,name=GM4_CustomCrafter] ~ ~ ~ testforblock ~ ~ ~ dropper -1 {CustomName:\"Disassembler\",Items:[{id:\"minecraft:bow\",Damage:0s,Count:1b,Slot:4b}]}",auto:1b}
setblock 15 1 1 chain_command_block 5 replace {Command:"execute @e[type=ArmorStand,name=GM4_CustomCrafter,score_GM4_crafting_min=1] ~ ~ ~ blockdata ~ ~ ~ {Items:[{id:\"minecraft:string\",Damage:0s,Count:1b,Slot:0b},{id:\"minecraft:stick\",Damage:0s,Count:1b,Slot:1b},{id:\"minecraft:string\",Damage:0s,Count:1b,Slot:3b},{id:\"minecraft:stick\",Damage:0s,Count:1b,Slot:5b},{id:\"minecraft:string\",Damage:0s,Count:1b,Slot:6b},{id:\"minecraft:stick\",Damage:0s,Count:1b,Slot:7b}]}",auto:1b}
setblock 16 1 1 chain_command_block 5 replace {Command:"execute @e[type=ArmorStand,name=GM4_CustomCrafter] ~ ~ ~ testforblock ~ ~ ~ dropper -1 {CustomName:\"Disassembler\",Items:[{id:\"minecraft:iron_sword\",Damage:0s,Count:1b,Slot:4b}]}",auto:1b}
setblock 17 1 1 chain_command_block 1 replace {Command:"execute @e[type=ArmorStand,name=GM4_CustomCrafter,score_GM4_crafting_min=1] ~ ~ ~ blockdata ~ ~ ~ {Items:[{id:\"minecraft:iron_ingot\",Damage:0s,Count:1b,Slot:1b},{id:\"minecraft:iron_ingot\",Damage:0s,Count:1b,Slot:4b},{id:\"minecraft:stick\",Damage:0s,Count:1b,Slot:7b}]}",auto:1b}
setblock 17 2 1 chain_command_block 4 replace {Command:"execute @e[type=ArmorStand,name=GM4_CustomCrafter] ~ ~ ~ testforblock ~ ~ ~ dropper -1 {CustomName:\"Disassembler\",Items:[{id:\"minecraft:leather_leggings\",Damage:0s,Count:1b,Slot:4b}]}",auto:1b}
setblock 16 2 1 chain_command_block 4 replace {Command:"execute @e[type=ArmorStand,name=GM4_CustomCrafter,score_GM4_crafting_min=1] ~ ~ ~ blockdata ~ ~ ~ {Items:[{id:\"minecraft:leather\",Damage:0s,Count:1b,Slot:0b},{id:\"minecraft:leather\",Damage:0s,Count:1b,Slot:1b},{id:\"minecraft:leather\",Damage:0s,Count:1b,Slot:2b},{id:\"minecraft:leather\",Damage:0s,Count:1b,Slot:3b},{id:\"minecraft:leather\",Damage:0s,Count:1b,Slot:5b},{id:\"minecraft:leather\",Damage:0s,Count:1b,Slot:6b},{id:\"minecraft:leather\",Damage:0s,Count:1b,Slot:8b}]}",auto:1b}
setblock 15 2 1 chain_command_block 4 replace {Command:"execute @e[type=ArmorStand,name=GM4_CustomCrafter] ~ ~ ~ testforblock ~ ~ ~ dropper -1 {CustomName:\"Disassembler\",Items:[{id:\"minecraft:iron_leggings\",Damage:0s,Count:1b,Slot:4b}]}",auto:1b}
setblock 14 2 1 chain_command_block 4 replace {Command:"execute @e[type=ArmorStand,name=GM4_CustomCrafter,score_GM4_crafting_min=1] ~ ~ ~ blockdata ~ ~ ~ {Items:[{id:\"minecraft:iron_ingot\",Damage:0s,Count:1b,Slot:0b},{id:\"minecraft:iron_ingot\",Damage:0s,Count:1b,Slot:1b},{id:\"minecraft:iron_ingot\",Damage:0s,Count:1b,Slot:2b},{id:\"minecraft:iron_ingot\",Damage:0s,Count:1b,Slot:3b},{id:\"minecraft:iron_ingot\",Damage:0s,Count:1b,Slot:5b},{id:\"minecraft:iron_ingot\",Damage:0s,Count:1b,Slot:6b},{id:\"minecraft:iron_ingot\",Damage:0s,Count:1b,Slot:8b}]}",auto:1b}
setblock 13 2 1 chain_command_block 4 replace {Command:"execute @e[type=ArmorStand,name=GM4_CustomCrafter] ~ ~ ~ testforblock ~ ~ ~ dropper -1 {CustomName:\"Disassembler\",Items:[{id:\"minecraft:golden_leggings\",Damage:0s,Count:1b,Slot:4b}]}",auto:1b}
setblock 12 2 1 chain_command_block 4 replace {Command:"execute @e[type=ArmorStand,name=GM4_CustomCrafter,score_GM4_crafting_min=1] ~ ~ ~ blockdata ~ ~ ~ {Items:[{id:\"minecraft:gold_ingot\",Damage:0s,Count:1b,Slot:0b},{id:\"minecraft:gold_ingot\",Damage:0s,Count:1b,Slot:1b},{id:\"minecraft:gold_ingot\",Damage:0s,Count:1b,Slot:2b},{id:\"minecraft:gold_ingot\",Damage:0s,Count:1b,Slot:3b},{id:\"minecraft:gold_ingot\",Damage:0s,Count:1b,Slot:5b},{id:\"minecraft:gold_ingot\",Damage:0s,Count:1b,Slot:6b},{id:\"minecraft:gold_ingot\",Damage:0s,Count:1b,Slot:8b}]}",auto:1b}
setblock 11 2 1 chain_command_block 4 replace {Command:"execute @e[type=ArmorStand,name=GM4_CustomCrafter] ~ ~ ~ testforblock ~ ~ ~ dropper -1 {CustomName:\"Disassembler\",Items:[{id:\"minecraft:diamond_leggings\",Damage:0s,Count:1b,Slot:4b}]}",auto:1b}
setblock 10 2 1 chain_command_block 4 replace {Command:"execute @e[type=ArmorStand,name=GM4_CustomCrafter,score_GM4_crafting_min=1] ~ ~ ~ blockdata ~ ~ ~ {Items:[{id:\"minecraft:diamond\",Damage:0s,Count:1b,Slot:0b},{id:\"minecraft:diamond\",Damage:0s,Count:1b,Slot:1b},{id:\"minecraft:diamond\",Damage:0s,Count:1b,Slot:2b},{id:\"minecraft:diamond\",Damage:0s,Count:1b,Slot:3b},{id:\"minecraft:diamond\",Damage:0s,Count:1b,Slot:5b},{id:\"minecraft:diamond\",Damage:0s,Count:1b,Slot:6b},{id:\"minecraft:diamond\",Damage:0s,Count:1b,Slot:8b}]}",auto:1b}
setblock 9 2 1 chain_command_block 4 replace {Command:"execute @e[type=ArmorStand,name=GM4_CustomCrafter] ~ ~ ~ testforblock ~ ~ ~ dropper -1 {CustomName:\"Disassembler\",Items:[{id:\"minecraft:wooden_axe\",Damage:0s,Count:1b,Slot:4b}]}",auto:1b}
setblock 8 2 1 chain_command_block 4 replace {Command:"execute @e[type=ArmorStand,name=GM4_CustomCrafter,score_GM4_crafting_min=1] ~ ~ ~ blockdata ~ ~ ~ {Items:[{id:\"minecraft:planks\",Damage:0s,Count:1b,Slot:0b},{id:\"minecraft:planks\",Damage:0s,Count:1b,Slot:1b},{id:\"minecraft:planks\",Damage:0s,Count:1b,Slot:3b},{id:\"minecraft:stick\",Damage:0s,Count:1b,Slot:4b},{id:\"minecraft:stick\",Damage:0s,Count:1b,Slot:7b}]}",auto:1b}
setblock 7 2 1 chain_command_block 4 replace {Command:"execute @e[type=ArmorStand,name=GM4_CustomCrafter] ~ ~ ~ testforblock ~ ~ ~ dropper -1 {CustomName:\"Disassembler\",Items:[{id:\"minecraft:golden_pickaxe\",Damage:0s,Count:1b,Slot:4b}]}",auto:1b}
setblock 6 2 1 chain_command_block 4 replace {Command:"execute @e[type=ArmorStand,name=GM4_CustomCrafter,score_GM4_crafting_min=1] ~ ~ ~ blockdata ~ ~ ~ {Items:[{id:\"minecraft:gold_ingot\",Damage:0s,Count:1b,Slot:0b},{id:\"minecraft:gold_ingot\",Damage:0s,Count:1b,Slot:1b},{id:\"minecraft:gold_ingot\",Damage:0s,Count:1b,Slot:2b},{id:\"minecraft:stick\",Damage:0s,Count:1b,Slot:4b},{id:\"minecraft:stick\",Damage:0s,Count:1b,Slot:7b}]}",auto:1b}
setblock 5 2 1 chain_command_block 4 replace {Command:"execute @e[type=ArmorStand,name=GM4_CustomCrafter] ~ ~ ~ testforblock ~ ~ ~ dropper -1 {CustomName:\"Disassembler\",Items:[{id:\"minecraft:diamond_axe\",Damage:0s,Count:1b,Slot:4b}]}",auto:1b}
setblock 4 2 1 chain_command_block 4 replace {Command:"execute @e[type=ArmorStand,name=GM4_CustomCrafter,score_GM4_crafting_min=1] ~ ~ ~ blockdata ~ ~ ~ {Items:[{id:\"minecraft:diamond\",Damage:0s,Count:1b,Slot:0b},{id:\"minecraft:diamond\",Damage:0s,Count:1b,Slot:1b},{id:\"minecraft:diamond\",Damage:0s,Count:1b,Slot:3b},{id:\"minecraft:stick\",Damage:0s,Count:1b,Slot:4b},{id:\"minecraft:stick\",Damage:0s,Count:1b,Slot:7b}]}",auto:1b}
setblock 3 2 1 chain_command_block 4 replace {Command:"execute @e[type=ArmorStand,name=GM4_CustomCrafter] ~ ~ ~ testforblock ~ ~ ~ dropper -1 {CustomName:\"Disassembler\",Items:[{id:\"minecraft:wooden_sword\",Damage:0s,Count:1b,Slot:4b}]}",auto:1b}
setblock 2 2 1 chain_command_block 4 replace {Command:"execute @e[type=ArmorStand,name=GM4_CustomCrafter,score_GM4_crafting_min=1] ~ ~ ~ blockdata ~ ~ ~ {Items:[{id:\"minecraft:planks\",Damage:0s,Count:1b,Slot:1b},{id:\"minecraft:planks\",Damage:0s,Count:1b,Slot:4b},{id:\"minecraft:stick\",Damage:0s,Count:1b,Slot:7b}]}",auto:1b}
setblock 1 2 1 chain_command_block 1 replace {Command:"execute @e[type=ArmorStand,name=GM4_CustomCrafter] ~ ~ ~ testforblock ~ ~ ~ dropper -1 {CustomName:\"Disassembler\",Items:[{id:\"minecraft:diamond_sword\",Damage:0s,Count:1b,Slot:4b}]}",auto:1b}
setblock 1 3 1 chain_command_block 5 replace {Command:"execute @e[type=ArmorStand,name=GM4_CustomCrafter,score_GM4_crafting_min=1] ~ ~ ~ blockdata ~ ~ ~ {Items:[{id:\"minecraft:diamond\",Damage:0s,Count:1b,Slot:1b},{id:\"minecraft:diamond\",Damage:0s,Count:1b,Slot:4b},{id:\"minecraft:stick\",Damage:0s,Count:1b,Slot:7b}]}",auto:1b}
setblock 2 3 1 chain_command_block 5 replace {Command:"execute @e[type=ArmorStand,name=GM4_CustomCrafter] ~ ~ ~ testforblock ~ ~ ~ dropper -1 {CustomName:\"Disassembler\",Items:[{id:\"minecraft:leather_boots\",Damage:0s,Count:1b,Slot:4b}]}",auto:1b}
setblock 3 3 1 chain_command_block 5 replace {Command:"execute @e[type=ArmorStand,name=GM4_CustomCrafter,score_GM4_crafting_min=1] ~ ~ ~ blockdata ~ ~ ~ {Items:[{id:\"minecraft:leather\",Damage:0s,Count:1b,Slot:3b},{id:\"minecraft:leather\",Damage:0s,Count:1b,Slot:5b},{id:\"minecraft:leather\",Damage:0s,Count:1b,Slot:6b},{id:\"minecraft:leather\",Damage:0s,Count:1b,Slot:8b}]}",auto:1b}
setblock 4 3 1 chain_command_block 5 replace {Command:"execute @e[type=ArmorStand,name=GM4_CustomCrafter] ~ ~ ~ testforblock ~ ~ ~ dropper -1 {CustomName:\"Disassembler\",Items:[{id:\"minecraft:iron_boots\",Damage:0s,Count:1b,Slot:4b}]}",auto:1b}
setblock 5 3 1 chain_command_block 5 replace {Command:"execute @e[type=ArmorStand,name=GM4_CustomCrafter,score_GM4_crafting_min=1] ~ ~ ~ blockdata ~ ~ ~ {Items:[{id:\"minecraft:iron_ingot\",Damage:0s,Count:1b,Slot:3b},{id:\"minecraft:iron_ingot\",Damage:0s,Count:1b,Slot:5b},{id:\"minecraft:iron_ingot\",Damage:0s,Count:1b,Slot:6b},{id:\"minecraft:iron_ingot\",Damage:0s,Count:1b,Slot:8b}]}",auto:1b}
setblock 6 3 1 chain_command_block 5 replace {Command:"execute @e[type=ArmorStand,name=GM4_CustomCrafter] ~ ~ ~ testforblock ~ ~ ~ dropper -1 {CustomName:\"Disassembler\",Items:[{id:\"minecraft:golden_boots\",Damage:0s,Count:1b,Slot:4b}]}",auto:1b}
setblock 7 3 1 chain_command_block 5 replace {Command:"execute @e[type=ArmorStand,name=GM4_CustomCrafter,score_GM4_crafting_min=1] ~ ~ ~ blockdata ~ ~ ~ {Items:[{id:\"minecraft:gold_ingot\",Damage:0s,Count:1b,Slot:3b},{id:\"minecraft:gold_ingot\",Damage:0s,Count:1b,Slot:5b},{id:\"minecraft:gold_ingot\",Damage:0s,Count:1b,Slot:6b},{id:\"minecraft:gold_ingot\",Damage:0s,Count:1b,Slot:8b}]}",auto:1b}
setblock 8 3 1 chain_command_block 5 replace {Command:"execute @e[type=ArmorStand,name=GM4_CustomCrafter] ~ ~ ~ testforblock ~ ~ ~ dropper -1 {CustomName:\"Disassembler\",Items:[{id:\"minecraft:diamond_boots\",Damage:0s,Count:1b,Slot:4b}]}",auto:1b}
setblock 9 3 1 chain_command_block 5 replace {Command:"execute @e[type=ArmorStand,name=GM4_CustomCrafter,score_GM4_crafting_min=1] ~ ~ ~ blockdata ~ ~ ~ {Items:[{id:\"minecraft:diamond\",Damage:0s,Count:1b,Slot:3b},{id:\"minecraft:diamond\",Damage:0s,Count:1b,Slot:5b},{id:\"minecraft:diamond\",Damage:0s,Count:1b,Slot:6b},{id:\"minecraft:diamond\",Damage:0s,Count:1b,Slot:8b}]}",auto:1b}
setblock 10 3 1 chain_command_block 5 replace {Command:"execute @e[type=ArmorStand,name=GM4_CustomCrafter] ~ ~ ~ testforblock ~ ~ ~ dropper -1 {CustomName:\"Disassembler\",Items:[{id:\"minecraft:wooden_hoe\",Damage:0s,Count:1b,Slot:4b}]}",auto:1b}
setblock 11 3 1 chain_command_block 5 replace {Command:"execute @e[type=ArmorStand,name=GM4_CustomCrafter,score_GM4_crafting_min=1] ~ ~ ~ blockdata ~ ~ ~ {Items:[{id:\"minecraft:planks\",Damage:0s,Count:1b,Slot:0b},{id:\"minecraft:planks\",Damage:0s,Count:1b,Slot:1b},{id:\"minecraft:stick\",Damage:0s,Count:1b,Slot:4b},{id:\"minecraft:stick\",Damage:0s,Count:1b,Slot:7b}]}",auto:1b}
setblock 12 3 1 chain_command_block 5 replace {Command:"execute @e[type=ArmorStand,name=GM4_CustomCrafter] ~ ~ ~ testforblock ~ ~ ~ dropper -1 {CustomName:\"Disassembler\",Items:[{id:\"minecraft:golden_axe\",Damage:0s,Count:1b,Slot:4b}]}",auto:1b}
setblock 13 3 1 chain_command_block 5 replace {Command:"execute @e[type=ArmorStand,name=GM4_CustomCrafter,score_GM4_crafting_min=1] ~ ~ ~ blockdata ~ ~ ~ {Items:[{id:\"minecraft:gold_ingot\",Damage:0s,Count:1b,Slot:0b},{id:\"minecraft:gold_ingot\",Damage:0s,Count:1b,Slot:1b},{id:\"minecraft:gold_ingot\",Damage:0s,Count:1b,Slot:3b},{id:\"minecraft:stick\",Damage:0s,Count:1b,Slot:4b},{id:\"minecraft:stick\",Damage:0s,Count:1b,Slot:7b}]}",auto:1b}
setblock 14 3 1 chain_command_block 5 replace {Command:"execute @e[type=ArmorStand,name=GM4_CustomCrafter] ~ ~ ~ testforblock ~ ~ ~ dropper -1 {CustomName:\"Disassembler\",Items:[{id:\"minecraft:diamond_hoe\",Damage:0s,Count:1b,Slot:4b}]}",auto:1b}
setblock 15 3 1 chain_command_block 5 replace {Command:"execute @e[type=ArmorStand,name=GM4_CustomCrafter,score_GM4_crafting_min=1] ~ ~ ~ blockdata ~ ~ ~ {Items:[{id:\"minecraft:diamond\",Damage:0s,Count:1b,Slot:0b},{id:\"minecraft:diamond\",Damage:0s,Count:1b,Slot:1b},{id:\"minecraft:stick\",Damage:0s,Count:1b,Slot:4b},{id:\"minecraft:stick\",Damage:0s,Count:1b,Slot:7b}]}",auto:1b}
setblock 16 3 1 chain_command_block 5 replace {Command:"execute @e[type=ArmorStand,name=GM4_CustomCrafter] ~ ~ ~ testforblock ~ ~ ~ dropper -1 {CustomName:\"Disassembler\",Items:[{id:\"minecraft:stone_sword\",Damage:0s,Count:1b,Slot:4b}]}",auto:1b}
setblock 17 3 1 chain_command_block 1 replace {Command:"execute @e[type=ArmorStand,name=GM4_CustomCrafter,score_GM4_crafting_min=1] ~ ~ ~ blockdata ~ ~ ~ {Items:[{id:\"minecraft:cobblestone\",Damage:0s,Count:1b,Slot:1b},{id:\"minecraft:cobblestone\",Damage:0s,Count:1b,Slot:4b},{id:\"minecraft:stick\",Damage:0s,Count:1b,Slot:7b}]}",auto:1b}
setblock 17 4 1 chain_command_block 4 replace {Command:"execute @e[type=ArmorStand,name=GM4_CustomCrafter] ~ ~ ~ testforblock ~ ~ ~ dropper -1 {CustomName:\"Disassembler\",Items:[{id:\"minecraft:leather_helmet\",Damage:0s,Count:1b,Slot:4b}]}",auto:1b}
setblock 16 4 1 chain_command_block 4 replace {Command:"execute @e[type=ArmorStand,name=GM4_CustomCrafter,score_GM4_crafting_min=1] ~ ~ ~ blockdata ~ ~ ~ {Items:[{id:\"minecraft:leather\",Damage:0s,Count:1b,Slot:0b},{id:\"minecraft:leather\",Damage:0s,Count:1b,Slot:1b},{id:\"minecraft:leather\",Damage:0s,Count:1b,Slot:2b},{id:\"minecraft:leather\",Damage:0s,Count:1b,Slot:3b},{id:\"minecraft:leather\",Damage:0s,Count:1b,Slot:5b}]}",auto:1b}
setblock 15 4 1 chain_command_block 4 replace {Command:"execute @e[type=ArmorStand,name=GM4_CustomCrafter] ~ ~ ~ testforblock ~ ~ ~ dropper -1 {CustomName:\"Disassembler\",Items:[{id:\"minecraft:iron_helmet\",Damage:0s,Count:1b,Slot:4b}]}",auto:1b}
setblock 14 4 1 chain_command_block 4 replace {Command:"execute @e[type=ArmorStand,name=GM4_CustomCrafter,score_GM4_crafting_min=1] ~ ~ ~ blockdata ~ ~ ~ {Items:[{id:\"minecraft:iron_ingot\",Damage:0s,Count:1b,Slot:0b},{id:\"minecraft:iron_ingot\",Damage:0s,Count:1b,Slot:1b},{id:\"minecraft:iron_ingot\",Damage:0s,Count:1b,Slot:2b},{id:\"minecraft:iron_ingot\",Damage:0s,Count:1b,Slot:3b},{id:\"minecraft:iron_ingot\",Damage:0s,Count:1b,Slot:5b}]}",auto:1b}
setblock 13 4 1 chain_command_block 4 replace {Command:"execute @e[type=ArmorStand,name=GM4_CustomCrafter] ~ ~ ~ testforblock ~ ~ ~ dropper -1 {CustomName:\"Disassembler\",Items:[{id:\"minecraft:golden_helmet\",Damage:0s,Count:1b,Slot:4b}]}",auto:1b}
setblock 12 4 1 chain_command_block 4 replace {Command:"execute @e[type=ArmorStand,name=GM4_CustomCrafter,score_GM4_crafting_min=1] ~ ~ ~ blockdata ~ ~ ~ {Items:[{id:\"minecraft:gold_ingot\",Damage:0s,Count:1b,Slot:0b},{id:\"minecraft:gold_ingot\",Damage:0s,Count:1b,Slot:1b},{id:\"minecraft:gold_ingot\",Damage:0s,Count:1b,Slot:2b},{id:\"minecraft:gold_ingot\",Damage:0s,Count:1b,Slot:3b},{id:\"minecraft:gold_ingot\",Damage:0s,Count:1b,Slot:5b}]}",auto:1b}
setblock 11 4 1 chain_command_block 4 replace {Command:"execute @e[type=ArmorStand,name=GM4_CustomCrafter] ~ ~ ~ testforblock ~ ~ ~ dropper -1 {CustomName:\"Disassembler\",Items:[{id:\"minecraft:diamond_helmet\",Damage:0s,Count:1b,Slot:4b}]}",auto:1b}
setblock 10 4 1 chain_command_block 4 replace {Command:"execute @e[type=ArmorStand,name=GM4_CustomCrafter,score_GM4_crafting_min=1] ~ ~ ~ blockdata ~ ~ ~ {Items:[{id:\"minecraft:diamond\",Damage:0s,Count:1b,Slot:0b},{id:\"minecraft:diamond\",Damage:0s,Count:1b,Slot:1b},{id:\"minecraft:diamond\",Damage:0s,Count:1b,Slot:2b},{id:\"minecraft:diamond\",Damage:0s,Count:1b,Slot:3b},{id:\"minecraft:diamond\",Damage:0s,Count:1b,Slot:5b}]}",auto:1b}
setblock 9 4 1 chain_command_block 4 replace {Command:"execute @e[type=ArmorStand,name=GM4_CustomCrafter] ~ ~ ~ testforblock ~ ~ ~ dropper -1 {CustomName:\"Disassembler\",Items:[{id:\"minecraft:wooden_shovel\",Damage:0s,Count:1b,Slot:4b}]}",auto:1b}
setblock 8 4 1 chain_command_block 4 replace {Command:"execute @e[type=ArmorStand,name=GM4_CustomCrafter,score_GM4_crafting_min=1] ~ ~ ~ blockdata ~ ~ ~ {Items:[{id:\"minecraft:planks\",Damage:0s,Count:1b,Slot:1b},{id:\"minecraft:stick\",Damage:0s,Count:1b,Slot:4b},{id:\"minecraft:stick\",Damage:0s,Count:1b,Slot:7b}]}",auto:1b}
setblock 7 4 1 chain_command_block 4 replace {Command:"execute @e[type=ArmorStand,name=GM4_CustomCrafter] ~ ~ ~ testforblock ~ ~ ~ dropper -1 {CustomName:\"Disassembler\",Items:[{id:\"minecraft:stone_shovel\",Damage:0s,Count:1b,Slot:4b}]}",auto:1b}
setblock 6 4 1 chain_command_block 4 replace {Command:"execute @e[type=ArmorStand,name=GM4_CustomCrafter,score_GM4_crafting_min=1] ~ ~ ~ blockdata ~ ~ ~ {Items:[{id:\"minecraft:cobblestone\",Damage:0s,Count:1b,Slot:1b},{id:\"minecraft:stick\",Damage:0s,Count:1b,Slot:4b},{id:\"minecraft:stick\",Damage:0s,Count:1b,Slot:7b}]}",auto:1b}
setblock 5 4 1 chain_command_block 4 replace {Command:"execute @e[type=ArmorStand,name=GM4_CustomCrafter] ~ ~ ~ testforblock ~ ~ ~ dropper -1 {CustomName:\"Disassembler\",Items:[{id:\"minecraft:golden_hoe\",Damage:0s,Count:1b,Slot:4b}]}",auto:1b}
setblock 4 4 1 chain_command_block 4 replace {Command:"execute @e[type=ArmorStand,name=GM4_CustomCrafter,score_GM4_crafting_min=1] ~ ~ ~ blockdata ~ ~ ~ {Items:[{id:\"minecraft:gold_ingot\",Damage:0s,Count:1b,Slot:0b},{id:\"minecraft:gold_ingot\",Damage:0s,Count:1b,Slot:1b},{id:\"minecraft:stick\",Damage:0s,Count:1b,Slot:4b},{id:\"minecraft:stick\",Damage:0s,Count:1b,Slot:7b}]}",auto:1b}
setblock 3 4 1 chain_command_block 4 replace {Command:"execute @e[type=ArmorStand,name=GM4_CustomCrafter] ~ ~ ~ testforblock ~ ~ ~ dropper -1 {CustomName:\"Disassembler\",Items:[{id:\"minecraft:fishing_rod\",Damage:0s,Count:1b,Slot:4b}]}",auto:1b}
setblock 2 4 1 chain_command_block 4 replace {Command:"execute @e[type=ArmorStand,name=GM4_CustomCrafter,score_GM4_crafting_min=1] ~ ~ ~ blockdata ~ ~ ~ {Items:[{id:\"minecraft:stick\",Damage:0s,Count:1b,Slot:2b},{id:\"minecraft:stick\",Damage:0s,Count:1b,Slot:4b},{id:\"minecraft:string\",Damage:0s,Count:1b,Slot:5b},{id:\"minecraft:stick\",Damage:0s,Count:1b,Slot:6b},{id:\"minecraft:string\",Damage:0s,Count:1b,Slot:8b}]}",auto:1b}
setblock 1 4 1 chain_command_block 1 replace {Command:"execute @e[type=ArmorStand,name=GM4_CustomCrafter] ~ ~ ~ testforblock ~ ~ ~ dropper -1 {CustomName:\"Disassembler\",Items:[{id:\"minecraft:golden_sword\",Damage:0s,Count:1b,Slot:4b}]}",auto:1b}
setblock 1 5 1 chain_command_block 5 replace {Command:"execute @e[type=ArmorStand,name=GM4_CustomCrafter,score_GM4_crafting_min=1] ~ ~ ~ blockdata ~ ~ ~ {Items:[{id:\"minecraft:gold_ingot\",Damage:0s,Count:1b,Slot:1b},{id:\"minecraft:gold_ingot\",Damage:0s,Count:1b,Slot:4b},{id:\"minecraft:stick\",Damage:0s,Count:1b,Slot:7b}]}",auto:1b}
setblock 2 5 1 chain_command_block 5 replace {Command:"execute @e[type=ArmorStand,name=GM4_CustomCrafter] ~ ~ ~ testforblock ~ ~ ~ dropper -1 {CustomName:\"Disassembler\",Items:[{id:\"minecraft:leather_chestplate\",Damage:0s,Count:1b,Slot:4b}]}",auto:1b}
setblock 3 5 1 chain_command_block 5 replace {Command:"execute @e[type=ArmorStand,name=GM4_CustomCrafter,score_GM4_crafting_min=1] ~ ~ ~ blockdata ~ ~ ~ {Items:[{id:\"minecraft:leather\",Damage:0s,Count:1b,Slot:0b},{id:\"minecraft:leather\",Damage:0s,Count:1b,Slot:2b},{id:\"minecraft:leather\",Damage:0s,Count:1b,Slot:3b},{id:\"minecraft:leather\",Damage:0s,Count:1b,Slot:4b},{id:\"minecraft:leather\",Damage:0s,Count:1b,Slot:5b},{id:\"minecraft:leather\",Damage:0s,Count:1b,Slot:6b},{id:\"minecraft:leather\",Damage:0s,Count:1b,Slot:7b},{id:\"minecraft:leather\",Damage:0s,Count:1b,Slot:8b}]}",auto:1b}
setblock 4 5 1 chain_command_block 5 replace {Command:"execute @e[type=ArmorStand,name=GM4_CustomCrafter] ~ ~ ~ testforblock ~ ~ ~ dropper -1 {CustomName:\"Disassembler\",Items:[{id:\"minecraft:iron_chestplate\",Damage:0s,Count:1b,Slot:4b}]}",auto:1b}
setblock 5 5 1 chain_command_block 5 replace {Command:"execute @e[type=ArmorStand,name=GM4_CustomCrafter,score_GM4_crafting_min=1] ~ ~ ~ blockdata ~ ~ ~ {Items:[{id:\"minecraft:iron_ingot\",Damage:0s,Count:1b,Slot:0b},{id:\"minecraft:iron_ingot\",Damage:0s,Count:1b,Slot:2b},{id:\"minecraft:iron_ingot\",Damage:0s,Count:1b,Slot:3b},{id:\"minecraft:iron_ingot\",Damage:0s,Count:1b,Slot:4b},{id:\"minecraft:iron_ingot\",Damage:0s,Count:1b,Slot:5b},{id:\"minecraft:iron_ingot\",Damage:0s,Count:1b,Slot:6b},{id:\"minecraft:iron_ingot\",Damage:0s,Count:1b,Slot:7b},{id:\"minecraft:iron_ingot\",Damage:0s,Count:1b,Slot:8b}]}",auto:1b}
setblock 6 5 1 chain_command_block 5 replace {Command:"execute @e[type=ArmorStand,name=GM4_CustomCrafter] ~ ~ ~ testforblock ~ ~ ~ dropper -1 {CustomName:\"Disassembler\",Items:[{id:\"minecraft:golden_chestplate\",Damage:0s,Count:1b,Slot:4b}]}",auto:1b}
setblock 7 5 1 chain_command_block 5 replace {Command:"execute @e[type=ArmorStand,name=GM4_CustomCrafter,score_GM4_crafting_min=1] ~ ~ ~ blockdata ~ ~ ~ {Items:[{id:\"minecraft:gold_ingot\",Damage:0s,Count:1b,Slot:0b},{id:\"minecraft:gold_ingot\",Damage:0s,Count:1b,Slot:2b},{id:\"minecraft:gold_ingot\",Damage:0s,Count:1b,Slot:3b},{id:\"minecraft:gold_ingot\",Damage:0s,Count:1b,Slot:4b},{id:\"minecraft:gold_ingot\",Damage:0s,Count:1b,Slot:5b},{id:\"minecraft:gold_ingot\",Damage:0s,Count:1b,Slot:6b},{id:\"minecraft:gold_ingot\",Damage:0s,Count:1b,Slot:7b},{id:\"minecraft:gold_ingot\",Damage:0s,Count:1b,Slot:8b}]}",auto:1b}
setblock 8 5 1 chain_command_block 5 replace {Command:"execute @e[type=ArmorStand,name=GM4_CustomCrafter] ~ ~ ~ testforblock ~ ~ ~ dropper -1 {CustomName:\"Disassembler\",Items:[{id:\"minecraft:diamond_chestplate\",Damage:0s,Count:1b,Slot:4b}]}",auto:1b}
setblock 9 5 1 chain_command_block 5 replace {Command:"execute @e[type=ArmorStand,name=GM4_CustomCrafter,score_GM4_crafting_min=1] ~ ~ ~ blockdata ~ ~ ~ {Items:[{id:\"minecraft:diamond\",Damage:0s,Count:1b,Slot:0b},{id:\"minecraft:diamond\",Damage:0s,Count:1b,Slot:2b},{id:\"minecraft:diamond\",Damage:0s,Count:1b,Slot:3b},{id:\"minecraft:diamond\",Damage:0s,Count:1b,Slot:4b},{id:\"minecraft:diamond\",Damage:0s,Count:1b,Slot:5b},{id:\"minecraft:diamond\",Damage:0s,Count:1b,Slot:6b},{id:\"minecraft:diamond\",Damage:0s,Count:1b,Slot:7b},{id:\"minecraft:diamond\",Damage:0s,Count:1b,Slot:8b}]}",auto:1b}
setblock 10 5 1 chain_command_block 5 replace {Command:"execute @e[type=ArmorStand,name=GM4_CustomCrafter] ~ ~ ~ testforblock ~ ~ ~ dropper -1 {CustomName:\"Disassembler\",Items:[{id:\"minecraft:wooden_pickaxe\",Damage:0s,Count:1b,Slot:4b}]}",auto:1b}
setblock 11 5 1 chain_command_block 5 replace {Command:"execute @e[type=ArmorStand,name=GM4_CustomCrafter,score_GM4_crafting_min=1] ~ ~ ~ blockdata ~ ~ ~ {Items:[{id:\"minecraft:planks\",Damage:0s,Count:1b,Slot:0b},{id:\"minecraft:planks\",Damage:0s,Count:1b,Slot:1b},{id:\"minecraft:planks\",Damage:0s,Count:1b,Slot:2b},{id:\"minecraft:stick\",Damage:0s,Count:1b,Slot:4b},{id:\"minecraft:stick\",Damage:0s,Count:1b,Slot:7b}]}",auto:1b}
setblock 12 5 1 chain_command_block 5 replace {Command:"execute @e[type=ArmorStand,name=GM4_CustomCrafter] ~ ~ ~ testforblock ~ ~ ~ dropper -1 {CustomName:\"Disassembler\",Items:[{id:\"minecraft:stone_pickaxe\",Damage:0s,Count:1b,Slot:4b}]}",auto:1b}
setblock 13 5 1 chain_command_block 5 replace {Command:"execute @e[type=ArmorStand,name=GM4_CustomCrafter,score_GM4_crafting_min=1] ~ ~ ~ blockdata ~ ~ ~ {Items:[{id:\"minecraft:cobblestone\",Damage:0s,Count:1b,Slot:0b},{id:\"minecraft:cobblestone\",Damage:0s,Count:1b,Slot:1b},{id:\"minecraft:cobblestone\",Damage:0s,Count:1b,Slot:2b},{id:\"minecraft:stick\",Damage:0s,Count:1b,Slot:4b},{id:\"minecraft:stick\",Damage:0s,Count:1b,Slot:7b}]}",auto:1b}
setblock 14 5 1 chain_command_block 5 replace {Command:"execute @e[type=ArmorStand,name=GM4_CustomCrafter] ~ ~ ~ testforblock ~ ~ ~ dropper -1 {CustomName:\"Disassembler\",Items:[{id:\"minecraft:diamond_shovel\",Damage:0s,Count:1b,Slot:4b}]}",auto:1b}
setblock 15 5 1 chain_command_block 5 replace {Command:"execute @e[type=ArmorStand,name=GM4_CustomCrafter,score_GM4_crafting_min=1] ~ ~ ~ blockdata ~ ~ ~ {Items:[{id:\"minecraft:diamond\",Damage:0s,Count:1b,Slot:1b},{id:\"minecraft:stick\",Damage:0s,Count:1b,Slot:4b},{id:\"minecraft:stick\",Damage:0s,Count:1b,Slot:7b}]}",auto:1b}
setblock 16 5 1 chain_command_block 5 replace {Command:"execute @e[type=ArmorStand,name=GM4_CustomCrafter] ~ ~ ~ testforblock ~ ~ ~ dropper -1 {CustomName:\"Disassembler\",Items:[{id:\"minecraft:shears\",Damage:0s,Count:1b,Slot:4b}]}",auto:1b}
setblock 17 5 1 chain_command_block 1 replace {Command:"execute @e[type=ArmorStand,name=GM4_CustomCrafter,score_GM4_crafting_min=1] ~ ~ ~ blockdata ~ ~ ~ {Items:[{id:\"minecraft:iron_ingot\",Damage:0s,Count:1b,Slot:4b},{id:\"minecraft:iron_ingot\",Damage:0s,Count:1b,Slot:8b}]}",auto:1b}
setblock 17 6 1 chain_command_block 4 replace {Command:"execute @e[type=ArmorStand,name=GM4_CustomCrafter] ~ ~ ~ testforblock ~ ~ ~ dropper -1 {CustomName:\"Disassembler\",Items:[{id:\"minecraft:stone_axe\",Damage:0s,Count:1b,Slot:4b}]}",auto:1b}
setblock 16 6 1 chain_command_block 4 replace {Command:"execute @e[type=ArmorStand,name=GM4_CustomCrafter,score_GM4_crafting_min=1] ~ ~ ~ blockdata ~ ~ ~ {Items:[{id:\"minecraft:cobblestone\",Damage:0s,Count:1b,Slot:0b},{id:\"minecraft:cobblestone\",Damage:0s,Count:1b,Slot:1b},{id:\"minecraft:cobblestone\",Damage:0s,Count:1b,Slot:3b},{id:\"minecraft:stick\",Damage:0s,Count:1b,Slot:4b},{id:\"minecraft:stick\",Damage:0s,Count:1b,Slot:7b}]}",auto:1b}
setblock 15 6 1 chain_command_block 4 replace {Command:"execute @e[type=ArmorStand,name=GM4_CustomCrafter] ~ ~ ~ testforblock ~ ~ ~ dropper -1 {CustomName:\"Disassembler\",Items:[{id:\"minecraft:stone_hoe\",Damage:0s,Count:1b,Slot:4b}]}",auto:1b}
setblock 14 6 1 chain_command_block 4 replace {Command:"execute @e[type=ArmorStand,name=GM4_CustomCrafter,score_GM4_crafting_min=1] ~ ~ ~ blockdata ~ ~ ~ {Items:[{id:\"minecraft:cobblestone\",Damage:0s,Count:1b,Slot:0b},{id:\"minecraft:cobblestone\",Damage:0s,Count:1b,Slot:1b},{id:\"minecraft:stick\",Damage:0s,Count:1b,Slot:4b},{id:\"minecraft:stick\",Damage:0s,Count:1b,Slot:7b}]}",auto:1b}
setblock 13 6 1 chain_command_block 4 replace {Command:"execute @e[type=ArmorStand,name=GM4_CustomCrafter] ~ ~ ~ testforblock ~ ~ ~ dropper -1 {CustomName:\"Disassembler\",Items:[{id:\"minecraft:iron_shovel\",Damage:0s,Count:1b,Slot:4b}]}",auto:1b}
setblock 12 6 1 chain_command_block 4 replace {Command:"execute @e[type=ArmorStand,name=GM4_CustomCrafter,score_GM4_crafting_min=1] ~ ~ ~ blockdata ~ ~ ~ {Items:[{id:\"minecraft:iron_ingot\",Damage:0s,Count:1b,Slot:1b},{id:\"minecraft:stick\",Damage:0s,Count:1b,Slot:4b},{id:\"minecraft:stick\",Damage:0s,Count:1b,Slot:7b}]}",auto:1b}
setblock 11 6 1 chain_command_block 4 replace {Command:"execute @e[type=ArmorStand,name=GM4_CustomCrafter] ~ ~ ~ testforblock ~ ~ ~ dropper -1 {CustomName:\"Disassembler\",Items:[{id:\"minecraft:iron_pickaxe\",Damage:0s,Count:1b,Slot:4b}]}",auto:1b}
setblock 10 6 1 chain_command_block 4 replace {Command:"execute @e[type=ArmorStand,name=GM4_CustomCrafter,score_GM4_crafting_min=1] ~ ~ ~ blockdata ~ ~ ~ {Items:[{id:\"minecraft:iron_ingot\",Damage:0s,Count:1b,Slot:0b},{id:\"minecraft:iron_ingot\",Damage:0s,Count:1b,Slot:1b},{id:\"minecraft:iron_ingot\",Damage:0s,Count:1b,Slot:2b},{id:\"minecraft:stick\",Damage:0s,Count:1b,Slot:4b},{id:\"minecraft:stick\",Damage:0s,Count:1b,Slot:7b}]}",auto:1b}
setblock 9 6 1 chain_command_block 4 replace {Command:"execute @e[type=ArmorStand,name=GM4_CustomCrafter] ~ ~ ~ testforblock ~ ~ ~ dropper -1 {CustomName:\"Disassembler\",Items:[{id:\"minecraft:iron_axe\",Damage:0s,Count:1b,Slot:4b}]}",auto:1b}
setblock 8 6 1 chain_command_block 4 replace {Command:"execute @e[type=ArmorStand,name=GM4_CustomCrafter,score_GM4_crafting_min=1] ~ ~ ~ blockdata ~ ~ ~ {Items:[{id:\"minecraft:iron_ingot\",Damage:0s,Count:1b,Slot:0b},{id:\"minecraft:iron_ingot\",Damage:0s,Count:1b,Slot:1b},{id:\"minecraft:iron_ingot\",Damage:0s,Count:1b,Slot:3b},{id:\"minecraft:stick\",Damage:0s,Count:1b,Slot:4b},{id:\"minecraft:stick\",Damage:0s,Count:1b,Slot:7b}]}",auto:1b}
setblock 7 6 1 chain_command_block 4 replace {Command:"execute @e[type=ArmorStand,name=GM4_CustomCrafter] ~ ~ ~ testforblock ~ ~ ~ dropper -1 {CustomName:\"Disassembler\",Items:[{id:\"minecraft:iron_hoe\",Damage:0s,Count:1b,Slot:4b}]}",auto:1b}
setblock 6 6 1 chain_command_block 4 replace {Command:"execute @e[type=ArmorStand,name=GM4_CustomCrafter,score_GM4_crafting_min=1] ~ ~ ~ blockdata ~ ~ ~ {Items:[{id:\"minecraft:iron_ingot\",Damage:0s,Count:1b,Slot:0b},{id:\"minecraft:iron_ingot\",Damage:0s,Count:1b,Slot:1b},{id:\"minecraft:stick\",Damage:0s,Count:1b,Slot:4b},{id:\"minecraft:stick\",Damage:0s,Count:1b,Slot:7b}]}",auto:1b}
setblock 5 6 1 chain_command_block 4 replace {Command:"execute @e[type=ArmorStand,name=GM4_CustomCrafter] ~ ~ ~ testforblock ~ ~ ~ dropper -1 {CustomName:\"Disassembler\",Items:[{id:\"minecraft:golden_shovel\",Damage:0s,Count:1b,Slot:4b}]}",auto:1b}
setblock 4 6 1 chain_command_block 4 replace {Command:"execute @e[type=ArmorStand,name=GM4_CustomCrafter,score_GM4_crafting_min=1] ~ ~ ~ blockdata ~ ~ ~ {Items:[{id:\"minecraft:gold_ingot\",Damage:0s,Count:1b,Slot:1b},{id:\"minecraft:stick\",Damage:0s,Count:1b,Slot:4b},{id:\"minecraft:stick\",Damage:0s,Count:1b,Slot:7b}]}",auto:1b}
setblock 3 6 1 chain_command_block 4 replace {Command:"execute @e[type=ArmorStand,name=GM4_CustomCrafter] ~ ~ ~ testforblock ~ ~ ~ dropper -1 {CustomName:\"Disassembler\",Items:[{id:\"minecraft:diamond_pickaxe\",Damage:0s,Count:1b,Slot:4b}]}",auto:1b}
setblock 2 6 1 chain_command_block 4 replace {Command:"execute @e[type=ArmorStand,name=GM4_CustomCrafter,score_GM4_crafting_min=1] ~ ~ ~ blockdata ~ ~ ~ {Items:[{id:\"minecraft:diamond\",Damage:0s,Count:1b,Slot:0b},{id:\"minecraft:diamond\",Damage:0s,Count:1b,Slot:1b},{id:\"minecraft:diamond\",Damage:0s,Count:1b,Slot:2b},{id:\"minecraft:stick\",Damage:0s,Count:1b,Slot:4b},{id:\"minecraft:stick\",Damage:0s,Count:1b,Slot:7b}]}",auto:1b}
setblock 1 6 1 chain_command_block 1 replace {Command:"execute @e[type=ArmorStand,name=GM4_CustomCrafter] ~ ~ ~ testforblock ~ ~ ~ dropper -1 {CustomName:\"Disassembler\",Items:[{id:\"minecraft:flint_and_steel\",Damage:0s,Count:1b,Slot:4b}]}",auto:1b}
setblock 1 7 1 chain_command_block 5 replace {Command:"execute @e[type=ArmorStand,name=GM4_CustomCrafter,score_GM4_crafting_min=1] ~ ~ ~ blockdata ~ ~ ~ {Items:[{id:\"minecraft:iron_ingot\",Damage:0s,Count:1b,Slot:4b},{id:\"minecraft:flint\",Damage:0s,Count:1b,Slot:8b}]}",auto:1b}
