:mainblock PULSE 17 16 1
blockdata ~ ~ ~ {auto:0}

//CREATE CRAFTER
@e[name=GM4_CustomCrafter] ~ ~ ~ testforblock ~ ~ ~ dropper -1 {CustomName:"Custom Crafter",Items:[{Slot:3b,id:"minecraft:cobblestone",Count:1b,Damage:0s},{Slot:4b,id:"minecraft:tnt",Count:1b,Damage:0s},{Slot:5b,id:"minecraft:cobblestone",Count:1b,Damage:0s},{Slot:6b,id:"minecraft:cobblestone",Count:1b,Damage:0s},{Slot:7b,id:"minecraft:redstone",Count:1b,Damage:0s},{Slot:8b,id:"minecraft:cobblestone",Count:1b,Damage:0s}]}
CONSTART
  @e[type=ArmorStand,name=GM4_CustomCrafter,GM4_crafting>=1] ~ ~ ~ entitydata @e[type=ArmorStand,name=GM4_CustomCrafter,GM4_crafting>=1,r=0] {ArmorItems:[{},{},{},{id:"minecraft:tnt",Count:1b}]}
  @e[type=ArmorStand,name=GM4_CustomCrafter,GM4_crafting>=1] ~ ~ ~ particle lava ~ ~ ~ 0.1 0.1 0.1 5 20 force
  @e[type=ArmorStand,name=GM4_CustomCrafter,GM4_crafting>=1] ~ ~ ~ playsound entity.generic.explode neutral @a[r=5] ~ ~ ~ 1
  @e[type=ArmorStand,name=GM4_CustomCrafter,GM4_crafting>=1] ~ ~ ~ blockdata ~ ~ ~ {Items:[],CustomName:"Disassembler"}
CONEND

//DESTROY CRAFTER
@e[type=ArmorStand,tag=GM4_broken] ~ ~ ~ testfor @e[c=1,r=0,type=ArmorStand] {ArmorItems:[{},{},{},{id:"minecraft:tnt"}]}
@e[type=ArmorStand,name=GM4_CustomCrafter,GM4_crafting>=1,tag=GM4_broken] ~ ~ ~ summon Item ~ ~1 ~ {Item:{id:"minecraft:redstone",Count:2b},Passengers:[{id:Item,Item:{id:"minecraft:cobblestone",Count:14}},{id:Item,Item:{id:"minecraft:tnt",Count:1}},{id:Item,Item:{id:"minecraft:crafting_table",Count:1,tag:{display:{Lore:[slightly damaged workbench]}}}}]}
// @e[type=ArmorStand,name=GM4_CustomCrafter,GM4_crafting>=1,tag=GM4_broken] ~ ~ ~ summon Item ~ ~1 ~ {Item:{id:"minecraft:redstone",Count:2b},Passengers:[{id:Item,Item:{id:"minecraft:cobblestone",Count:14}},{id:Item,Item:{id:"minecraft:tnt",Count:1}},{id:Item,Item:{id:crafting_table,Count:1}}]}
@e[type=ArmorStand,name=GM4_CustomCrafter,GM4_crafting>=1,tag=GM4_broken] ~ ~ ~ kill @e[type=ArmorStand,name=GM4_CustomCrafter,c=1]

//CHECK FOR CRAFTERS WITH ITEMS INSIDE
@e[name=GM4_CustomCrafter] ~ ~ ~ testforblock ~ ~ ~ dropper -1 {CustomName:"Disassembler"}
@e[type=ArmorStand,name=GM4_CustomCrafter,GM4_crafting=0] GM4_crafting = 2
testfor @e[type=ArmorStand,name=GM4_CustomCrafter,GM4_crafting>=1,GM4_crafting=1,tag=!GM4_isEmpty]
CONDITION
  blockdata ~-1 ~ ~ {auto:1b}
blockdata ~ ~ ~ {auto:0b}

//RECIPES
@e[type=ArmorStand,name=GM4_CustomCrafter] ~ ~ ~ testforblock ~ ~ ~ dropper -1 {CustomName:"Disassembler",Items:[{id:"minecraft:bow",Damage:0s,Count:1b,Slot:4b}]}
@e[type=ArmorStand,name=GM4_CustomCrafter,GM4_crafting>=1] ~ ~ ~ blockdata ~ ~ ~ {Items:[{id:"minecraft:string",Damage:0s,Count:1b,Slot:0b},{id:"minecraft:stick",Damage:0s,Count:1b,Slot:1b},{id:"minecraft:string",Damage:0s,Count:1b,Slot:3b},{id:"minecraft:stick",Damage:0s,Count:1b,Slot:5b},{id:"minecraft:string",Damage:0s,Count:1b,Slot:6b},{id:"minecraft:stick",Damage:0s,Count:1b,Slot:7b}]}
@e[type=ArmorStand,name=GM4_CustomCrafter] ~ ~ ~ testforblock ~ ~ ~ dropper -1 {CustomName:"Disassembler",Items:[{id:"minecraft:iron_sword",Damage:0s,Count:1b,Slot:4b}]}
@e[type=ArmorStand,name=GM4_CustomCrafter,GM4_crafting>=1] ~ ~ ~ blockdata ~ ~ ~ {Items:[{id:"minecraft:iron_ingot",Damage:0s,Count:1b,Slot:1b},{id:"minecraft:iron_ingot",Damage:0s,Count:1b,Slot:4b},{id:"minecraft:stick",Damage:0s,Count:1b,Slot:7b}]}
@e[type=ArmorStand,name=GM4_CustomCrafter] ~ ~ ~ testforblock ~ ~ ~ dropper -1 {CustomName:"Disassembler",Items:[{id:"minecraft:leather_leggings",Damage:0s,Count:1b,Slot:4b}]}
@e[type=ArmorStand,name=GM4_CustomCrafter,GM4_crafting>=1] ~ ~ ~ blockdata ~ ~ ~ {Items:[{id:"minecraft:leather",Damage:0s,Count:1b,Slot:0b},{id:"minecraft:leather",Damage:0s,Count:1b,Slot:1b},{id:"minecraft:leather",Damage:0s,Count:1b,Slot:2b},{id:"minecraft:leather",Damage:0s,Count:1b,Slot:3b},{id:"minecraft:leather",Damage:0s,Count:1b,Slot:5b},{id:"minecraft:leather",Damage:0s,Count:1b,Slot:6b},{id:"minecraft:leather",Damage:0s,Count:1b,Slot:8b}]}
@e[type=ArmorStand,name=GM4_CustomCrafter] ~ ~ ~ testforblock ~ ~ ~ dropper -1 {CustomName:"Disassembler",Items:[{id:"minecraft:iron_leggings",Damage:0s,Count:1b,Slot:4b}]}
@e[type=ArmorStand,name=GM4_CustomCrafter,GM4_crafting>=1] ~ ~ ~ blockdata ~ ~ ~ {Items:[{id:"minecraft:iron_ingot",Damage:0s,Count:1b,Slot:0b},{id:"minecraft:iron_ingot",Damage:0s,Count:1b,Slot:1b},{id:"minecraft:iron_ingot",Damage:0s,Count:1b,Slot:2b},{id:"minecraft:iron_ingot",Damage:0s,Count:1b,Slot:3b},{id:"minecraft:iron_ingot",Damage:0s,Count:1b,Slot:5b},{id:"minecraft:iron_ingot",Damage:0s,Count:1b,Slot:6b},{id:"minecraft:iron_ingot",Damage:0s,Count:1b,Slot:8b}]}
@e[type=ArmorStand,name=GM4_CustomCrafter] ~ ~ ~ testforblock ~ ~ ~ dropper -1 {CustomName:"Disassembler",Items:[{id:"minecraft:golden_leggings",Damage:0s,Count:1b,Slot:4b}]}
@e[type=ArmorStand,name=GM4_CustomCrafter,GM4_crafting>=1] ~ ~ ~ blockdata ~ ~ ~ {Items:[{id:"minecraft:gold_ingot",Damage:0s,Count:1b,Slot:0b},{id:"minecraft:gold_ingot",Damage:0s,Count:1b,Slot:1b},{id:"minecraft:gold_ingot",Damage:0s,Count:1b,Slot:2b},{id:"minecraft:gold_ingot",Damage:0s,Count:1b,Slot:3b},{id:"minecraft:gold_ingot",Damage:0s,Count:1b,Slot:5b},{id:"minecraft:gold_ingot",Damage:0s,Count:1b,Slot:6b},{id:"minecraft:gold_ingot",Damage:0s,Count:1b,Slot:8b}]}
@e[type=ArmorStand,name=GM4_CustomCrafter] ~ ~ ~ testforblock ~ ~ ~ dropper -1 {CustomName:"Disassembler",Items:[{id:"minecraft:diamond_leggings",Damage:0s,Count:1b,Slot:4b}]}
@e[type=ArmorStand,name=GM4_CustomCrafter,GM4_crafting>=1] ~ ~ ~ blockdata ~ ~ ~ {Items:[{id:"minecraft:diamond",Damage:0s,Count:1b,Slot:0b},{id:"minecraft:diamond",Damage:0s,Count:1b,Slot:1b},{id:"minecraft:diamond",Damage:0s,Count:1b,Slot:2b},{id:"minecraft:diamond",Damage:0s,Count:1b,Slot:3b},{id:"minecraft:diamond",Damage:0s,Count:1b,Slot:5b},{id:"minecraft:diamond",Damage:0s,Count:1b,Slot:6b},{id:"minecraft:diamond",Damage:0s,Count:1b,Slot:8b}]}
@e[type=ArmorStand,name=GM4_CustomCrafter] ~ ~ ~ testforblock ~ ~ ~ dropper -1 {CustomName:"Disassembler",Items:[{id:"minecraft:wooden_axe",Damage:0s,Count:1b,Slot:4b}]}
@e[type=ArmorStand,name=GM4_CustomCrafter,GM4_crafting>=1] ~ ~ ~ blockdata ~ ~ ~ {Items:[{id:"minecraft:planks",Damage:0s,Count:1b,Slot:0b},{id:"minecraft:planks",Damage:0s,Count:1b,Slot:1b},{id:"minecraft:planks",Damage:0s,Count:1b,Slot:3b},{id:"minecraft:stick",Damage:0s,Count:1b,Slot:4b},{id:"minecraft:stick",Damage:0s,Count:1b,Slot:7b}]}
@e[type=ArmorStand,name=GM4_CustomCrafter] ~ ~ ~ testforblock ~ ~ ~ dropper -1 {CustomName:"Disassembler",Items:[{id:"minecraft:golden_pickaxe",Damage:0s,Count:1b,Slot:4b}]}
@e[type=ArmorStand,name=GM4_CustomCrafter,GM4_crafting>=1] ~ ~ ~ blockdata ~ ~ ~ {Items:[{id:"minecraft:gold_ingot",Damage:0s,Count:1b,Slot:0b},{id:"minecraft:gold_ingot",Damage:0s,Count:1b,Slot:1b},{id:"minecraft:gold_ingot",Damage:0s,Count:1b,Slot:2b},{id:"minecraft:stick",Damage:0s,Count:1b,Slot:4b},{id:"minecraft:stick",Damage:0s,Count:1b,Slot:7b}]}
@e[type=ArmorStand,name=GM4_CustomCrafter] ~ ~ ~ testforblock ~ ~ ~ dropper -1 {CustomName:"Disassembler",Items:[{id:"minecraft:diamond_axe",Damage:0s,Count:1b,Slot:4b}]}
@e[type=ArmorStand,name=GM4_CustomCrafter,GM4_crafting>=1] ~ ~ ~ blockdata ~ ~ ~ {Items:[{id:"minecraft:diamond",Damage:0s,Count:1b,Slot:0b},{id:"minecraft:diamond",Damage:0s,Count:1b,Slot:1b},{id:"minecraft:diamond",Damage:0s,Count:1b,Slot:3b},{id:"minecraft:stick",Damage:0s,Count:1b,Slot:4b},{id:"minecraft:stick",Damage:0s,Count:1b,Slot:7b}]}
@e[type=ArmorStand,name=GM4_CustomCrafter] ~ ~ ~ testforblock ~ ~ ~ dropper -1 {CustomName:"Disassembler",Items:[{id:"minecraft:wooden_sword",Damage:0s,Count:1b,Slot:4b}]}
@e[type=ArmorStand,name=GM4_CustomCrafter,GM4_crafting>=1] ~ ~ ~ blockdata ~ ~ ~ {Items:[{id:"minecraft:planks",Damage:0s,Count:1b,Slot:1b},{id:"minecraft:planks",Damage:0s,Count:1b,Slot:4b},{id:"minecraft:stick",Damage:0s,Count:1b,Slot:7b}]}
@e[type=ArmorStand,name=GM4_CustomCrafter] ~ ~ ~ testforblock ~ ~ ~ dropper -1 {CustomName:"Disassembler",Items:[{id:"minecraft:diamond_sword",Damage:0s,Count:1b,Slot:4b}]}
@e[type=ArmorStand,name=GM4_CustomCrafter,GM4_crafting>=1] ~ ~ ~ blockdata ~ ~ ~ {Items:[{id:"minecraft:diamond",Damage:0s,Count:1b,Slot:1b},{id:"minecraft:diamond",Damage:0s,Count:1b,Slot:4b},{id:"minecraft:stick",Damage:0s,Count:1b,Slot:7b}]}
@e[type=ArmorStand,name=GM4_CustomCrafter] ~ ~ ~ testforblock ~ ~ ~ dropper -1 {CustomName:"Disassembler",Items:[{id:"minecraft:leather_boots",Damage:0s,Count:1b,Slot:4b}]}
@e[type=ArmorStand,name=GM4_CustomCrafter,GM4_crafting>=1] ~ ~ ~ blockdata ~ ~ ~ {Items:[{id:"minecraft:leather",Damage:0s,Count:1b,Slot:3b},{id:"minecraft:leather",Damage:0s,Count:1b,Slot:5b},{id:"minecraft:leather",Damage:0s,Count:1b,Slot:6b},{id:"minecraft:leather",Damage:0s,Count:1b,Slot:8b}]}
@e[type=ArmorStand,name=GM4_CustomCrafter] ~ ~ ~ testforblock ~ ~ ~ dropper -1 {CustomName:"Disassembler",Items:[{id:"minecraft:iron_boots",Damage:0s,Count:1b,Slot:4b}]}
@e[type=ArmorStand,name=GM4_CustomCrafter,GM4_crafting>=1] ~ ~ ~ blockdata ~ ~ ~ {Items:[{id:"minecraft:iron_ingot",Damage:0s,Count:1b,Slot:3b},{id:"minecraft:iron_ingot",Damage:0s,Count:1b,Slot:5b},{id:"minecraft:iron_ingot",Damage:0s,Count:1b,Slot:6b},{id:"minecraft:iron_ingot",Damage:0s,Count:1b,Slot:8b}]}
@e[type=ArmorStand,name=GM4_CustomCrafter] ~ ~ ~ testforblock ~ ~ ~ dropper -1 {CustomName:"Disassembler",Items:[{id:"minecraft:golden_boots",Damage:0s,Count:1b,Slot:4b}]}
@e[type=ArmorStand,name=GM4_CustomCrafter,GM4_crafting>=1] ~ ~ ~ blockdata ~ ~ ~ {Items:[{id:"minecraft:gold_ingot",Damage:0s,Count:1b,Slot:3b},{id:"minecraft:gold_ingot",Damage:0s,Count:1b,Slot:5b},{id:"minecraft:gold_ingot",Damage:0s,Count:1b,Slot:6b},{id:"minecraft:gold_ingot",Damage:0s,Count:1b,Slot:8b}]}
@e[type=ArmorStand,name=GM4_CustomCrafter] ~ ~ ~ testforblock ~ ~ ~ dropper -1 {CustomName:"Disassembler",Items:[{id:"minecraft:diamond_boots",Damage:0s,Count:1b,Slot:4b}]}
@e[type=ArmorStand,name=GM4_CustomCrafter,GM4_crafting>=1] ~ ~ ~ blockdata ~ ~ ~ {Items:[{id:"minecraft:diamond",Damage:0s,Count:1b,Slot:3b},{id:"minecraft:diamond",Damage:0s,Count:1b,Slot:5b},{id:"minecraft:diamond",Damage:0s,Count:1b,Slot:6b},{id:"minecraft:diamond",Damage:0s,Count:1b,Slot:8b}]}
@e[type=ArmorStand,name=GM4_CustomCrafter] ~ ~ ~ testforblock ~ ~ ~ dropper -1 {CustomName:"Disassembler",Items:[{id:"minecraft:wooden_hoe",Damage:0s,Count:1b,Slot:4b}]}
@e[type=ArmorStand,name=GM4_CustomCrafter,GM4_crafting>=1] ~ ~ ~ blockdata ~ ~ ~ {Items:[{id:"minecraft:planks",Damage:0s,Count:1b,Slot:0b},{id:"minecraft:planks",Damage:0s,Count:1b,Slot:1b},{id:"minecraft:stick",Damage:0s,Count:1b,Slot:4b},{id:"minecraft:stick",Damage:0s,Count:1b,Slot:7b}]}
@e[type=ArmorStand,name=GM4_CustomCrafter] ~ ~ ~ testforblock ~ ~ ~ dropper -1 {CustomName:"Disassembler",Items:[{id:"minecraft:golden_axe",Damage:0s,Count:1b,Slot:4b}]}
@e[type=ArmorStand,name=GM4_CustomCrafter,GM4_crafting>=1] ~ ~ ~ blockdata ~ ~ ~ {Items:[{id:"minecraft:gold_ingot",Damage:0s,Count:1b,Slot:0b},{id:"minecraft:gold_ingot",Damage:0s,Count:1b,Slot:1b},{id:"minecraft:gold_ingot",Damage:0s,Count:1b,Slot:3b},{id:"minecraft:stick",Damage:0s,Count:1b,Slot:4b},{id:"minecraft:stick",Damage:0s,Count:1b,Slot:7b}]}
@e[type=ArmorStand,name=GM4_CustomCrafter] ~ ~ ~ testforblock ~ ~ ~ dropper -1 {CustomName:"Disassembler",Items:[{id:"minecraft:diamond_hoe",Damage:0s,Count:1b,Slot:4b}]}
@e[type=ArmorStand,name=GM4_CustomCrafter,GM4_crafting>=1] ~ ~ ~ blockdata ~ ~ ~ {Items:[{id:"minecraft:diamond",Damage:0s,Count:1b,Slot:0b},{id:"minecraft:diamond",Damage:0s,Count:1b,Slot:1b},{id:"minecraft:stick",Damage:0s,Count:1b,Slot:4b},{id:"minecraft:stick",Damage:0s,Count:1b,Slot:7b}]}
@e[type=ArmorStand,name=GM4_CustomCrafter] ~ ~ ~ testforblock ~ ~ ~ dropper -1 {CustomName:"Disassembler",Items:[{id:"minecraft:stone_sword",Damage:0s,Count:1b,Slot:4b}]}
@e[type=ArmorStand,name=GM4_CustomCrafter,GM4_crafting>=1] ~ ~ ~ blockdata ~ ~ ~ {Items:[{id:"minecraft:cobblestone",Damage:0s,Count:1b,Slot:1b},{id:"minecraft:cobblestone",Damage:0s,Count:1b,Slot:4b},{id:"minecraft:stick",Damage:0s,Count:1b,Slot:7b}]}
@e[type=ArmorStand,name=GM4_CustomCrafter] ~ ~ ~ testforblock ~ ~ ~ dropper -1 {CustomName:"Disassembler",Items:[{id:"minecraft:leather_helmet",Damage:0s,Count:1b,Slot:4b}]}
@e[type=ArmorStand,name=GM4_CustomCrafter,GM4_crafting>=1] ~ ~ ~ blockdata ~ ~ ~ {Items:[{id:"minecraft:leather",Damage:0s,Count:1b,Slot:0b},{id:"minecraft:leather",Damage:0s,Count:1b,Slot:1b},{id:"minecraft:leather",Damage:0s,Count:1b,Slot:2b},{id:"minecraft:leather",Damage:0s,Count:1b,Slot:3b},{id:"minecraft:leather",Damage:0s,Count:1b,Slot:5b}]}
@e[type=ArmorStand,name=GM4_CustomCrafter] ~ ~ ~ testforblock ~ ~ ~ dropper -1 {CustomName:"Disassembler",Items:[{id:"minecraft:iron_helmet",Damage:0s,Count:1b,Slot:4b}]}
@e[type=ArmorStand,name=GM4_CustomCrafter,GM4_crafting>=1] ~ ~ ~ blockdata ~ ~ ~ {Items:[{id:"minecraft:iron_ingot",Damage:0s,Count:1b,Slot:0b},{id:"minecraft:iron_ingot",Damage:0s,Count:1b,Slot:1b},{id:"minecraft:iron_ingot",Damage:0s,Count:1b,Slot:2b},{id:"minecraft:iron_ingot",Damage:0s,Count:1b,Slot:3b},{id:"minecraft:iron_ingot",Damage:0s,Count:1b,Slot:5b}]}
@e[type=ArmorStand,name=GM4_CustomCrafter] ~ ~ ~ testforblock ~ ~ ~ dropper -1 {CustomName:"Disassembler",Items:[{id:"minecraft:golden_helmet",Damage:0s,Count:1b,Slot:4b}]}
@e[type=ArmorStand,name=GM4_CustomCrafter,GM4_crafting>=1] ~ ~ ~ blockdata ~ ~ ~ {Items:[{id:"minecraft:gold_ingot",Damage:0s,Count:1b,Slot:0b},{id:"minecraft:gold_ingot",Damage:0s,Count:1b,Slot:1b},{id:"minecraft:gold_ingot",Damage:0s,Count:1b,Slot:2b},{id:"minecraft:gold_ingot",Damage:0s,Count:1b,Slot:3b},{id:"minecraft:gold_ingot",Damage:0s,Count:1b,Slot:5b}]}
@e[type=ArmorStand,name=GM4_CustomCrafter] ~ ~ ~ testforblock ~ ~ ~ dropper -1 {CustomName:"Disassembler",Items:[{id:"minecraft:diamond_helmet",Damage:0s,Count:1b,Slot:4b}]}
@e[type=ArmorStand,name=GM4_CustomCrafter,GM4_crafting>=1] ~ ~ ~ blockdata ~ ~ ~ {Items:[{id:"minecraft:diamond",Damage:0s,Count:1b,Slot:0b},{id:"minecraft:diamond",Damage:0s,Count:1b,Slot:1b},{id:"minecraft:diamond",Damage:0s,Count:1b,Slot:2b},{id:"minecraft:diamond",Damage:0s,Count:1b,Slot:3b},{id:"minecraft:diamond",Damage:0s,Count:1b,Slot:5b}]}
@e[type=ArmorStand,name=GM4_CustomCrafter] ~ ~ ~ testforblock ~ ~ ~ dropper -1 {CustomName:"Disassembler",Items:[{id:"minecraft:wooden_shovel",Damage:0s,Count:1b,Slot:4b}]}
@e[type=ArmorStand,name=GM4_CustomCrafter,GM4_crafting>=1] ~ ~ ~ blockdata ~ ~ ~ {Items:[{id:"minecraft:planks",Damage:0s,Count:1b,Slot:1b},{id:"minecraft:stick",Damage:0s,Count:1b,Slot:4b},{id:"minecraft:stick",Damage:0s,Count:1b,Slot:7b}]}
@e[type=ArmorStand,name=GM4_CustomCrafter] ~ ~ ~ testforblock ~ ~ ~ dropper -1 {CustomName:"Disassembler",Items:[{id:"minecraft:stone_shovel",Damage:0s,Count:1b,Slot:4b}]}
@e[type=ArmorStand,name=GM4_CustomCrafter,GM4_crafting>=1] ~ ~ ~ blockdata ~ ~ ~ {Items:[{id:"minecraft:cobblestone",Damage:0s,Count:1b,Slot:1b},{id:"minecraft:stick",Damage:0s,Count:1b,Slot:4b},{id:"minecraft:stick",Damage:0s,Count:1b,Slot:7b}]}
@e[type=ArmorStand,name=GM4_CustomCrafter] ~ ~ ~ testforblock ~ ~ ~ dropper -1 {CustomName:"Disassembler",Items:[{id:"minecraft:golden_hoe",Damage:0s,Count:1b,Slot:4b}]}
@e[type=ArmorStand,name=GM4_CustomCrafter,GM4_crafting>=1] ~ ~ ~ blockdata ~ ~ ~ {Items:[{id:"minecraft:gold_ingot",Damage:0s,Count:1b,Slot:0b},{id:"minecraft:gold_ingot",Damage:0s,Count:1b,Slot:1b},{id:"minecraft:stick",Damage:0s,Count:1b,Slot:4b},{id:"minecraft:stick",Damage:0s,Count:1b,Slot:7b}]}
@e[type=ArmorStand,name=GM4_CustomCrafter] ~ ~ ~ testforblock ~ ~ ~ dropper -1 {CustomName:"Disassembler",Items:[{id:"minecraft:fishing_rod",Damage:0s,Count:1b,Slot:4b}]}
@e[type=ArmorStand,name=GM4_CustomCrafter,GM4_crafting>=1] ~ ~ ~ blockdata ~ ~ ~ {Items:[{id:"minecraft:stick",Damage:0s,Count:1b,Slot:2b},{id:"minecraft:stick",Damage:0s,Count:1b,Slot:4b},{id:"minecraft:string",Damage:0s,Count:1b,Slot:5b},{id:"minecraft:stick",Damage:0s,Count:1b,Slot:6b},{id:"minecraft:string",Damage:0s,Count:1b,Slot:8b}]}
@e[type=ArmorStand,name=GM4_CustomCrafter] ~ ~ ~ testforblock ~ ~ ~ dropper -1 {CustomName:"Disassembler",Items:[{id:"minecraft:golden_sword",Damage:0s,Count:1b,Slot:4b}]}
@e[type=ArmorStand,name=GM4_CustomCrafter,GM4_crafting>=1] ~ ~ ~ blockdata ~ ~ ~ {Items:[{id:"minecraft:gold_ingot",Damage:0s,Count:1b,Slot:1b},{id:"minecraft:gold_ingot",Damage:0s,Count:1b,Slot:4b},{id:"minecraft:stick",Damage:0s,Count:1b,Slot:7b}]}
@e[type=ArmorStand,name=GM4_CustomCrafter] ~ ~ ~ testforblock ~ ~ ~ dropper -1 {CustomName:"Disassembler",Items:[{id:"minecraft:leather_chestplate",Damage:0s,Count:1b,Slot:4b}]}
@e[type=ArmorStand,name=GM4_CustomCrafter,GM4_crafting>=1] ~ ~ ~ blockdata ~ ~ ~ {Items:[{id:"minecraft:leather",Damage:0s,Count:1b,Slot:0b},{id:"minecraft:leather",Damage:0s,Count:1b,Slot:2b},{id:"minecraft:leather",Damage:0s,Count:1b,Slot:3b},{id:"minecraft:leather",Damage:0s,Count:1b,Slot:4b},{id:"minecraft:leather",Damage:0s,Count:1b,Slot:5b},{id:"minecraft:leather",Damage:0s,Count:1b,Slot:6b},{id:"minecraft:leather",Damage:0s,Count:1b,Slot:7b},{id:"minecraft:leather",Damage:0s,Count:1b,Slot:8b}]}
@e[type=ArmorStand,name=GM4_CustomCrafter] ~ ~ ~ testforblock ~ ~ ~ dropper -1 {CustomName:"Disassembler",Items:[{id:"minecraft:iron_chestplate",Damage:0s,Count:1b,Slot:4b}]}
@e[type=ArmorStand,name=GM4_CustomCrafter,GM4_crafting>=1] ~ ~ ~ blockdata ~ ~ ~ {Items:[{id:"minecraft:iron_ingot",Damage:0s,Count:1b,Slot:0b},{id:"minecraft:iron_ingot",Damage:0s,Count:1b,Slot:2b},{id:"minecraft:iron_ingot",Damage:0s,Count:1b,Slot:3b},{id:"minecraft:iron_ingot",Damage:0s,Count:1b,Slot:4b},{id:"minecraft:iron_ingot",Damage:0s,Count:1b,Slot:5b},{id:"minecraft:iron_ingot",Damage:0s,Count:1b,Slot:6b},{id:"minecraft:iron_ingot",Damage:0s,Count:1b,Slot:7b},{id:"minecraft:iron_ingot",Damage:0s,Count:1b,Slot:8b}]}
@e[type=ArmorStand,name=GM4_CustomCrafter] ~ ~ ~ testforblock ~ ~ ~ dropper -1 {CustomName:"Disassembler",Items:[{id:"minecraft:golden_chestplate",Damage:0s,Count:1b,Slot:4b}]}
@e[type=ArmorStand,name=GM4_CustomCrafter,GM4_crafting>=1] ~ ~ ~ blockdata ~ ~ ~ {Items:[{id:"minecraft:gold_ingot",Damage:0s,Count:1b,Slot:0b},{id:"minecraft:gold_ingot",Damage:0s,Count:1b,Slot:2b},{id:"minecraft:gold_ingot",Damage:0s,Count:1b,Slot:3b},{id:"minecraft:gold_ingot",Damage:0s,Count:1b,Slot:4b},{id:"minecraft:gold_ingot",Damage:0s,Count:1b,Slot:5b},{id:"minecraft:gold_ingot",Damage:0s,Count:1b,Slot:6b},{id:"minecraft:gold_ingot",Damage:0s,Count:1b,Slot:7b},{id:"minecraft:gold_ingot",Damage:0s,Count:1b,Slot:8b}]}
@e[type=ArmorStand,name=GM4_CustomCrafter] ~ ~ ~ testforblock ~ ~ ~ dropper -1 {CustomName:"Disassembler",Items:[{id:"minecraft:diamond_chestplate",Damage:0s,Count:1b,Slot:4b}]}
@e[type=ArmorStand,name=GM4_CustomCrafter,GM4_crafting>=1] ~ ~ ~ blockdata ~ ~ ~ {Items:[{id:"minecraft:diamond",Damage:0s,Count:1b,Slot:0b},{id:"minecraft:diamond",Damage:0s,Count:1b,Slot:2b},{id:"minecraft:diamond",Damage:0s,Count:1b,Slot:3b},{id:"minecraft:diamond",Damage:0s,Count:1b,Slot:4b},{id:"minecraft:diamond",Damage:0s,Count:1b,Slot:5b},{id:"minecraft:diamond",Damage:0s,Count:1b,Slot:6b},{id:"minecraft:diamond",Damage:0s,Count:1b,Slot:7b},{id:"minecraft:diamond",Damage:0s,Count:1b,Slot:8b}]}
@e[type=ArmorStand,name=GM4_CustomCrafter] ~ ~ ~ testforblock ~ ~ ~ dropper -1 {CustomName:"Disassembler",Items:[{id:"minecraft:wooden_pickaxe",Damage:0s,Count:1b,Slot:4b}]}
@e[type=ArmorStand,name=GM4_CustomCrafter,GM4_crafting>=1] ~ ~ ~ blockdata ~ ~ ~ {Items:[{id:"minecraft:planks",Damage:0s,Count:1b,Slot:0b},{id:"minecraft:planks",Damage:0s,Count:1b,Slot:1b},{id:"minecraft:planks",Damage:0s,Count:1b,Slot:2b},{id:"minecraft:stick",Damage:0s,Count:1b,Slot:4b},{id:"minecraft:stick",Damage:0s,Count:1b,Slot:7b}]}
@e[type=ArmorStand,name=GM4_CustomCrafter] ~ ~ ~ testforblock ~ ~ ~ dropper -1 {CustomName:"Disassembler",Items:[{id:"minecraft:stone_pickaxe",Damage:0s,Count:1b,Slot:4b}]}
@e[type=ArmorStand,name=GM4_CustomCrafter,GM4_crafting>=1] ~ ~ ~ blockdata ~ ~ ~ {Items:[{id:"minecraft:cobblestone",Damage:0s,Count:1b,Slot:0b},{id:"minecraft:cobblestone",Damage:0s,Count:1b,Slot:1b},{id:"minecraft:cobblestone",Damage:0s,Count:1b,Slot:2b},{id:"minecraft:stick",Damage:0s,Count:1b,Slot:4b},{id:"minecraft:stick",Damage:0s,Count:1b,Slot:7b}]}
@e[type=ArmorStand,name=GM4_CustomCrafter] ~ ~ ~ testforblock ~ ~ ~ dropper -1 {CustomName:"Disassembler",Items:[{id:"minecraft:diamond_shovel",Damage:0s,Count:1b,Slot:4b}]}
@e[type=ArmorStand,name=GM4_CustomCrafter,GM4_crafting>=1] ~ ~ ~ blockdata ~ ~ ~ {Items:[{id:"minecraft:diamond",Damage:0s,Count:1b,Slot:1b},{id:"minecraft:stick",Damage:0s,Count:1b,Slot:4b},{id:"minecraft:stick",Damage:0s,Count:1b,Slot:7b}]}
@e[type=ArmorStand,name=GM4_CustomCrafter] ~ ~ ~ testforblock ~ ~ ~ dropper -1 {CustomName:"Disassembler",Items:[{id:"minecraft:shears",Damage:0s,Count:1b,Slot:4b}]}
@e[type=ArmorStand,name=GM4_CustomCrafter,GM4_crafting>=1] ~ ~ ~ blockdata ~ ~ ~ {Items:[{id:"minecraft:iron_ingot",Damage:0s,Count:1b,Slot:4b},{id:"minecraft:iron_ingot",Damage:0s,Count:1b,Slot:8b}]}
@e[type=ArmorStand,name=GM4_CustomCrafter] ~ ~ ~ testforblock ~ ~ ~ dropper -1 {CustomName:"Disassembler",Items:[{id:"minecraft:stone_axe",Damage:0s,Count:1b,Slot:4b}]}
@e[type=ArmorStand,name=GM4_CustomCrafter,GM4_crafting>=1] ~ ~ ~ blockdata ~ ~ ~ {Items:[{id:"minecraft:cobblestone",Damage:0s,Count:1b,Slot:0b},{id:"minecraft:cobblestone",Damage:0s,Count:1b,Slot:1b},{id:"minecraft:cobblestone",Damage:0s,Count:1b,Slot:3b},{id:"minecraft:stick",Damage:0s,Count:1b,Slot:4b},{id:"minecraft:stick",Damage:0s,Count:1b,Slot:7b}]}
@e[type=ArmorStand,name=GM4_CustomCrafter] ~ ~ ~ testforblock ~ ~ ~ dropper -1 {CustomName:"Disassembler",Items:[{id:"minecraft:stone_hoe",Damage:0s,Count:1b,Slot:4b}]}
@e[type=ArmorStand,name=GM4_CustomCrafter,GM4_crafting>=1] ~ ~ ~ blockdata ~ ~ ~ {Items:[{id:"minecraft:cobblestone",Damage:0s,Count:1b,Slot:0b},{id:"minecraft:cobblestone",Damage:0s,Count:1b,Slot:1b},{id:"minecraft:stick",Damage:0s,Count:1b,Slot:4b},{id:"minecraft:stick",Damage:0s,Count:1b,Slot:7b}]}
@e[type=ArmorStand,name=GM4_CustomCrafter] ~ ~ ~ testforblock ~ ~ ~ dropper -1 {CustomName:"Disassembler",Items:[{id:"minecraft:iron_shovel",Damage:0s,Count:1b,Slot:4b}]}
@e[type=ArmorStand,name=GM4_CustomCrafter,GM4_crafting>=1] ~ ~ ~ blockdata ~ ~ ~ {Items:[{id:"minecraft:iron_ingot",Damage:0s,Count:1b,Slot:1b},{id:"minecraft:stick",Damage:0s,Count:1b,Slot:4b},{id:"minecraft:stick",Damage:0s,Count:1b,Slot:7b}]}
@e[type=ArmorStand,name=GM4_CustomCrafter] ~ ~ ~ testforblock ~ ~ ~ dropper -1 {CustomName:"Disassembler",Items:[{id:"minecraft:iron_pickaxe",Damage:0s,Count:1b,Slot:4b}]}
@e[type=ArmorStand,name=GM4_CustomCrafter,GM4_crafting>=1] ~ ~ ~ blockdata ~ ~ ~ {Items:[{id:"minecraft:iron_ingot",Damage:0s,Count:1b,Slot:0b},{id:"minecraft:iron_ingot",Damage:0s,Count:1b,Slot:1b},{id:"minecraft:iron_ingot",Damage:0s,Count:1b,Slot:2b},{id:"minecraft:stick",Damage:0s,Count:1b,Slot:4b},{id:"minecraft:stick",Damage:0s,Count:1b,Slot:7b}]}
@e[type=ArmorStand,name=GM4_CustomCrafter] ~ ~ ~ testforblock ~ ~ ~ dropper -1 {CustomName:"Disassembler",Items:[{id:"minecraft:iron_axe",Damage:0s,Count:1b,Slot:4b}]}
@e[type=ArmorStand,name=GM4_CustomCrafter,GM4_crafting>=1] ~ ~ ~ blockdata ~ ~ ~ {Items:[{id:"minecraft:iron_ingot",Damage:0s,Count:1b,Slot:0b},{id:"minecraft:iron_ingot",Damage:0s,Count:1b,Slot:1b},{id:"minecraft:iron_ingot",Damage:0s,Count:1b,Slot:3b},{id:"minecraft:stick",Damage:0s,Count:1b,Slot:4b},{id:"minecraft:stick",Damage:0s,Count:1b,Slot:7b}]}
@e[type=ArmorStand,name=GM4_CustomCrafter] ~ ~ ~ testforblock ~ ~ ~ dropper -1 {CustomName:"Disassembler",Items:[{id:"minecraft:iron_hoe",Damage:0s,Count:1b,Slot:4b}]}
@e[type=ArmorStand,name=GM4_CustomCrafter,GM4_crafting>=1] ~ ~ ~ blockdata ~ ~ ~ {Items:[{id:"minecraft:iron_ingot",Damage:0s,Count:1b,Slot:0b},{id:"minecraft:iron_ingot",Damage:0s,Count:1b,Slot:1b},{id:"minecraft:stick",Damage:0s,Count:1b,Slot:4b},{id:"minecraft:stick",Damage:0s,Count:1b,Slot:7b}]}
@e[type=ArmorStand,name=GM4_CustomCrafter] ~ ~ ~ testforblock ~ ~ ~ dropper -1 {CustomName:"Disassembler",Items:[{id:"minecraft:golden_shovel",Damage:0s,Count:1b,Slot:4b}]}
@e[type=ArmorStand,name=GM4_CustomCrafter,GM4_crafting>=1] ~ ~ ~ blockdata ~ ~ ~ {Items:[{id:"minecraft:gold_ingot",Damage:0s,Count:1b,Slot:1b},{id:"minecraft:stick",Damage:0s,Count:1b,Slot:4b},{id:"minecraft:stick",Damage:0s,Count:1b,Slot:7b}]}
@e[type=ArmorStand,name=GM4_CustomCrafter] ~ ~ ~ testforblock ~ ~ ~ dropper -1 {CustomName:"Disassembler",Items:[{id:"minecraft:diamond_pickaxe",Damage:0s,Count:1b,Slot:4b}]}
@e[type=ArmorStand,name=GM4_CustomCrafter,GM4_crafting>=1] ~ ~ ~ blockdata ~ ~ ~ {Items:[{id:"minecraft:diamond",Damage:0s,Count:1b,Slot:0b},{id:"minecraft:diamond",Damage:0s,Count:1b,Slot:1b},{id:"minecraft:diamond",Damage:0s,Count:1b,Slot:2b},{id:"minecraft:stick",Damage:0s,Count:1b,Slot:4b},{id:"minecraft:stick",Damage:0s,Count:1b,Slot:7b}]}
@e[type=ArmorStand,name=GM4_CustomCrafter] ~ ~ ~ testforblock ~ ~ ~ dropper -1 {CustomName:"Disassembler",Items:[{id:"minecraft:flint_and_steel",Damage:0s,Count:1b,Slot:4b}]}
@e[type=ArmorStand,name=GM4_CustomCrafter,GM4_crafting>=1] ~ ~ ~ blockdata ~ ~ ~ {Items:[{id:"minecraft:iron_ingot",Damage:0s,Count:1b,Slot:4b},{id:"minecraft:flint",Damage:0s,Count:1b,Slot:8b}]}
